
Microsoft Visual Studio Solution File, Format Version 12.00
# Visual Studio Version 17
VisualStudioVersion = 17.4.33205.214
MinimumVisualStudioVersion = 10.0.40219.1
Project("{FAE04EC0-301F-11D3-BF4B-00C04F79EFBC}") = "Practice", "Practice\Practice.csproj", "{B3CDD73D-1D9E-49BA-AB32-EC642040A24D}"
EndProject
Global
	GlobalSection(SolutionConfigurationPlatforms) = preSolution
		Debug|Any CPU = Debug|Any CPU
		Release|Any CPU = Release|Any CPU
	EndGlobalSection
	GlobalSection(ProjectConfigurationPlatforms) = postSolution
		{B3CDD73D-1D9E-49BA-AB32-EC642040A24D}.Debug|Any CPU.ActiveCfg = Debug|Any CPU
		{B3CDD73D-1D9E-49BA-AB32-EC642040A24D}.Debug|Any CPU.Build.0 = Debug|Any CPU
		{B3CDD73D-1D9E-49BA-AB32-EC642040A24D}.Release|Any CPU.ActiveCfg = Release|Any CPU
		{B3CDD73D-1D9E-49BA-AB32-EC642040A24D}.Release|Any CPU.Build.0 = Release|Any CPU
	EndGlobalSection
	GlobalSection(SolutionProperties) = preSolution
		HideSolutionNode = FALSE
	EndGlobalSection
	GlobalSection(ExtensibilityGlobals) = postSolution
		SolutionGuid = {DB9072F7-8150-49E4-AABD-C0927ED5B4BC}
	EndGlobalSection
EndGlobal
